
Microsoft Visual Studio Solution File, Format Version 12.00
# Visual Studio 2013
VisualStudioVersion = 12.0.21005.1
MinimumVisualStudioVersion = 10.0.40219.1
Project("{FAE04EC0-301F-11D3-BF4B-00C04F79EFBC}") = "PrimeProMVC", "PrimeProMVC\PrimeProMVC.csproj", "{D0E9F616-D98F-405E-B012-09BA1A07E130}"
EndProject
Project("{FAE04EC0-301F-11D3-BF4B-00C04F79EFBC}") = "PrimePro.Models", "PrimePro.Models\PrimePro.Models.csproj", "{4DAFA511-0A41-49A4-8147-C1E3AC8783BF}"
EndProject
Project("{FAE04EC0-301F-11D3-BF4B-00C04F79EFBC}") = "PrimePro.Persistence", "PrimePro.Persistence\PrimePro.Persistence.csproj", "{3C17EE04-931C-4483-AC5D-BB25BA681AEF}"
EndProject
Project("{FAE04EC0-301F-11D3-BF4B-00C04F79EFBC}") = "PrimePro.Tasks", "PrimePro.Tasks\PrimePro.Tasks.csproj", "{4421A35F-F855-48BF-848A-93819CEDDDC5}"
EndProject
Project("{FAE04EC0-301F-11D3-BF4B-00C04F79EFBC}") = "PrimePro.Test.Integration", "PrimePro.Test.Integration\PrimePro.Test.Integration.csproj", "{184807DB-600E-434F-8B3F-9D83BD755C2C}"
EndProject
Project("{FAE04EC0-301F-11D3-BF4B-00C04F79EFBC}") = "PrimePro.Test.Unit", "PrimePro.Test.Unit\PrimePro.Test.Unit.csproj", "{FC4B6244-AAC5-427F-83E6-54D08EEB895E}"
EndProject
Global
	GlobalSection(SolutionConfigurationPlatforms) = preSolution
		Debug|Any CPU = Debug|Any CPU
		Release|Any CPU = Release|Any CPU
	EndGlobalSection
	GlobalSection(ProjectConfigurationPlatforms) = postSolution
		{D0E9F616-D98F-405E-B012-09BA1A07E130}.Debug|Any CPU.ActiveCfg = Debug|Any CPU
		{D0E9F616-D98F-405E-B012-09BA1A07E130}.Debug|Any CPU.Build.0 = Debug|Any CPU
		{D0E9F616-D98F-405E-B012-09BA1A07E130}.Release|Any CPU.ActiveCfg = Release|Any CPU
		{D0E9F616-D98F-405E-B012-09BA1A07E130}.Release|Any CPU.Build.0 = Release|Any CPU
		{4DAFA511-0A41-49A4-8147-C1E3AC8783BF}.Debug|Any CPU.ActiveCfg = Debug|Any CPU
		{4DAFA511-0A41-49A4-8147-C1E3AC8783BF}.Debug|Any CPU.Build.0 = Debug|Any CPU
		{4DAFA511-0A41-49A4-8147-C1E3AC8783BF}.Release|Any CPU.ActiveCfg = Release|Any CPU
		{4DAFA511-0A41-49A4-8147-C1E3AC8783BF}.Release|Any CPU.Build.0 = Release|Any CPU
		{3C17EE04-931C-4483-AC5D-BB25BA681AEF}.Debug|Any CPU.ActiveCfg = Debug|Any CPU
		{3C17EE04-931C-4483-AC5D-BB25BA681AEF}.Debug|Any CPU.Build.0 = Debug|Any CPU
		{3C17EE04-931C-4483-AC5D-BB25BA681AEF}.Release|Any CPU.ActiveCfg = Release|Any CPU
		{3C17EE04-931C-4483-AC5D-BB25BA681AEF}.Release|Any CPU.Build.0 = Release|Any CPU
		{4421A35F-F855-48BF-848A-93819CEDDDC5}.Debug|Any CPU.ActiveCfg = Debug|Any CPU
		{4421A35F-F855-48BF-848A-93819CEDDDC5}.Debug|Any CPU.Build.0 = Debug|Any CPU
		{4421A35F-F855-48BF-848A-93819CEDDDC5}.Release|Any CPU.ActiveCfg = Release|Any CPU
		{4421A35F-F855-48BF-848A-93819CEDDDC5}.Release|Any CPU.Build.0 = Release|Any CPU
		{184807DB-600E-434F-8B3F-9D83BD755C2C}.Debug|Any CPU.ActiveCfg = Debug|Any CPU
		{184807DB-600E-434F-8B3F-9D83BD755C2C}.Debug|Any CPU.Build.0 = Debug|Any CPU
		{184807DB-600E-434F-8B3F-9D83BD755C2C}.Release|Any CPU.ActiveCfg = Release|Any CPU
		{184807DB-600E-434F-8B3F-9D83BD755C2C}.Release|Any CPU.Build.0 = Release|Any CPU
		{FC4B6244-AAC5-427F-83E6-54D08EEB895E}.Debug|Any CPU.ActiveCfg = Debug|Any CPU
		{FC4B6244-AAC5-427F-83E6-54D08EEB895E}.Debug|Any CPU.Build.0 = Debug|Any CPU
		{FC4B6244-AAC5-427F-83E6-54D08EEB895E}.Release|Any CPU.ActiveCfg = Release|Any CPU
		{FC4B6244-AAC5-427F-83E6-54D08EEB895E}.Release|Any CPU.Build.0 = Release|Any CPU
	EndGlobalSection
	GlobalSection(SolutionProperties) = preSolution
		HideSolutionNode = FALSE
	EndGlobalSection
EndGlobal
